
Microsoft Visual Studio Solution File, Format Version 12.00
# Visual Studio 15
VisualStudioVersion = 15.0.27428.2027
MinimumVisualStudioVersion = 10.0.40219.1
Project("{FAE04EC0-301F-11D3-BF4B-00C04F79EFBC}") = "NoteWebApp", "NoteWebApp\NoteWebApp.csproj", "{B966E47F-16DF-43C2-AF97-B2A39D2414D9}"
EndProject
Global
	GlobalSection(SolutionConfigurationPlatforms) = preSolution
		Debug|Any CPU = Debug|Any CPU
		Release|Any CPU = Release|Any CPU
	EndGlobalSection
	GlobalSection(ProjectConfigurationPlatforms) = postSolution
		{B966E47F-16DF-43C2-AF97-B2A39D2414D9}.Debug|Any CPU.ActiveCfg = Debug|Any CPU
		{B966E47F-16DF-43C2-AF97-B2A39D2414D9}.Debug|Any CPU.Build.0 = Debug|Any CPU
		{B966E47F-16DF-43C2-AF97-B2A39D2414D9}.Release|Any CPU.ActiveCfg = Release|Any CPU
		{B966E47F-16DF-43C2-AF97-B2A39D2414D9}.Release|Any CPU.Build.0 = Release|Any CPU
	EndGlobalSection
	GlobalSection(SolutionProperties) = preSolution
		HideSolutionNode = FALSE
	EndGlobalSection
	GlobalSection(ExtensibilityGlobals) = postSolution
		SolutionGuid = {4EDE5429-FA9E-4CE9-A16A-46A8D9F7A2B3}
	EndGlobalSection
EndGlobal
